{
    "name": "googleanalyticsplayground",
    "version": "1.0.0",
    "lockfileVersion": 1,
    "requires": true,
    "dependencies": {
        "javascript-api-utils": {
            "version": "git+https://git@github.com/googleanalytics/javascript-api-utils.git#6c15b752d2e13c6b2054c4a0958858eaa38c4385"
        }
    }
}
